
Microsoft Visual Studio Solution File, Format Version 12.00
# Visual Studio Version 16
VisualStudioVersion = 16.0.31205.134
MinimumVisualStudioVersion = 10.0.40219.1
Project("{9A19103F-16F7-4668-BE54-9A1E7A4F7556}") = "Infrastructure.Data", "DataLayer\Infrastructure.Data.csproj", "{1557188F-A568-454E-A5B0-011ABDBD5DB9}"
EndProject
Project("{9A19103F-16F7-4668-BE54-9A1E7A4F7556}") = "Domain", "Domain\Domain.csproj", "{7E3DD5FD-0312-4BDD-8E82-222BDDDEDF03}"
EndProject
Project("{9A19103F-16F7-4668-BE54-9A1E7A4F7556}") = "MoveIt", "MoveIt\MoveIt.csproj", "{060B52C5-18CE-4D0A-BC26-412F5F295E3C}"
EndProject
Project("{FAE04EC0-301F-11D3-BF4B-00C04F79EFBC}") = "BuisnessLayer", "BuisnessLayer\BuisnessLayer.csproj", "{CA3A2B90-1809-4332-89F7-8D4CB60CAE71}"
EndProject
Global
	GlobalSection(SolutionConfigurationPlatforms) = preSolution
		Debug|Any CPU = Debug|Any CPU
		Release|Any CPU = Release|Any CPU
	EndGlobalSection
	GlobalSection(ProjectConfigurationPlatforms) = postSolution
		{1557188F-A568-454E-A5B0-011ABDBD5DB9}.Debug|Any CPU.ActiveCfg = Debug|Any CPU
		{1557188F-A568-454E-A5B0-011ABDBD5DB9}.Debug|Any CPU.Build.0 = Debug|Any CPU
		{1557188F-A568-454E-A5B0-011ABDBD5DB9}.Release|Any CPU.ActiveCfg = Release|Any CPU
		{1557188F-A568-454E-A5B0-011ABDBD5DB9}.Release|Any CPU.Build.0 = Release|Any CPU
		{7E3DD5FD-0312-4BDD-8E82-222BDDDEDF03}.Debug|Any CPU.ActiveCfg = Debug|Any CPU
		{7E3DD5FD-0312-4BDD-8E82-222BDDDEDF03}.Debug|Any CPU.Build.0 = Debug|Any CPU
		{7E3DD5FD-0312-4BDD-8E82-222BDDDEDF03}.Release|Any CPU.ActiveCfg = Release|Any CPU
		{7E3DD5FD-0312-4BDD-8E82-222BDDDEDF03}.Release|Any CPU.Build.0 = Release|Any CPU
		{060B52C5-18CE-4D0A-BC26-412F5F295E3C}.Debug|Any CPU.ActiveCfg = Debug|Any CPU
		{060B52C5-18CE-4D0A-BC26-412F5F295E3C}.Debug|Any CPU.Build.0 = Debug|Any CPU
		{060B52C5-18CE-4D0A-BC26-412F5F295E3C}.Release|Any CPU.ActiveCfg = Release|Any CPU
		{060B52C5-18CE-4D0A-BC26-412F5F295E3C}.Release|Any CPU.Build.0 = Release|Any CPU
		{CA3A2B90-1809-4332-89F7-8D4CB60CAE71}.Debug|Any CPU.ActiveCfg = Debug|Any CPU
		{CA3A2B90-1809-4332-89F7-8D4CB60CAE71}.Debug|Any CPU.Build.0 = Debug|Any CPU
		{CA3A2B90-1809-4332-89F7-8D4CB60CAE71}.Release|Any CPU.ActiveCfg = Release|Any CPU
		{CA3A2B90-1809-4332-89F7-8D4CB60CAE71}.Release|Any CPU.Build.0 = Release|Any CPU
	EndGlobalSection
	GlobalSection(SolutionProperties) = preSolution
		HideSolutionNode = FALSE
	EndGlobalSection
	GlobalSection(ExtensibilityGlobals) = postSolution
		SolutionGuid = {963F237F-F7CB-4AE7-AAEF-3B467FF8C064}
	EndGlobalSection
EndGlobal
